{
  "version": 4,
  "terraform_version": "1.6.6",
  "serial": 48,
  "lineage": "7e017495-cfec-4d3e-25ad-c803e6d135a1",
  "outputs": {
    "Age_Output": {
      "value": 22,
      "type": "number"
    },
    "Book_details": {
      "value": {
        "name": "The all he'll ever be",
        "price": 800
      },
      "type": [
        "object",
        {
          "name": "string",
          "price": "number"
        }
      ]
    },
    "Friends_details": {
      "value": [
        "Shristi",
        "Shreya",
        "Jiaxu"
      ],
      "type": [
        "list",
        "string"
      ]
    },
    "Grade_details": {
      "value": {
        "AWS": "80",
        "Ptyhon": "89",
        "Terraform": "78"
      },
      "type": [
        "map",
        "string"
      ]
    },
    "Institute_Password": {
      "value": "mjL8-!4-",
      "type": "string",
      "sensitive": true
    },
    "Qualification_details": {
      "value": "Master's in computer science and applications",
      "type": "string"
    },
    "String_Output": {
      "value": "Sameeksha",
      "type": "string"
    },
    "String_random": {
      "value": "edm@82Yi",
      "type": "string"
    },
    "random_bytes": {
      "value": "9e7754681f557fa41f3fcefbd302d3c0994de0380148ff3cc34427af24c867c0fb780c2d92bf4a5a977b10c2a4a678fd954909256241902428c451ae3d049d76",
      "type": "string",
      "sensitive": true
    },
    "region_shuffle": {
      "value": [
        "us-west-1a",
        "us-west-1e",
        "us-west-1c"
      ],
      "type": [
        "list",
        "string"
      ]
    },
    "student_id": {
      "value": "FlvuG79Cya8",
      "type": "string"
    },
    "uuid_Practice": {
      "value": "6c133e88-e287-4f5c-8a7a-3056cba9df78",
      "type": "string"
    }
  },
  "resources": [
    {
      "mode": "managed",
      "type": "local_file",
      "name": "Map_File",
      "provider": "provider[\"registry.terraform.io/hashicorp/local\"]",
      "instances": [
        {
          "schema_version": 0,
          "attributes": {
            "content": "{\"AWS\":\"80\",\"Ptyhon\":\"89\",\"Terraform\":\"78\"}",
            "content_base64": null,
            "content_base64sha256": "zjkPhpllpehDOaBw7A7WjGyWa0mud2A2fqcjylV9sug=",
            "content_base64sha512": "UkbMozQUENqSouLcaqMb43If36kFXor1cD9Tvbje2d33civJeO8azvyEMOjrw35PoaRl+MLCs9nR/09OlU5rzQ==",
            "content_md5": "ac0bbdbf2c95ad2abcdad00be1d432e2",
            "content_sha1": "cf62695ccbb4eee19cafe2e08999c50280874b4b",
            "content_sha256": "ce390f869965a5e84339a070ec0ed68c6c966b49ae7760367ea723ca557db2e8",
            "content_sha512": "5246cca3341410da92a2e2dc6aa31be3721fdfa9055e8af5703f53bdb8ded9ddf7722bc978ef1acefc8430e8ebc37e4fa1a465f8c2c2b3d9d1ff4f4e954e6bcd",
            "directory_permission": "0777",
            "file_permission": "0777",
            "filename": "Sameeksha.bar",
            "id": "cf62695ccbb4eee19cafe2e08999c50280874b4b",
            "sensitive_content": null,
            "source": null
          },
          "sensitive_attributes": []
        }
      ]
    },
    {
      "mode": "managed",
      "type": "local_file",
      "name": "Number_file",
      "provider": "provider[\"registry.terraform.io/hashicorp/local\"]",
      "instances": [
        {
          "schema_version": 0,
          "attributes": {
            "content": "22",
            "content_base64": null,
            "content_base64sha256": "eF8+x+sy8wuQzQ/PNlfTiLX/Qpfy+XFv9m6bacBd3Qk=",
            "content_base64sha512": "atJ10mwgDoFTTZmWGDyHSN36vHsKARqQ9GMBYm1wmSNHRwPKyrD/i2fNhGtstVsjo5sD+9+1IY7sM3PPcBChZg==",
            "content_md5": "b6d767d2f8ed5d21a44b0e5886680cb9",
            "content_sha1": "12c6fc06c99a462375eeb3f43dfd832b08ca9e17",
            "content_sha256": "785f3ec7eb32f30b90cd0fcf3657d388b5ff4297f2f9716ff66e9b69c05ddd09",
            "content_sha512": "6ad275d26c200e81534d9996183c8748ddfabc7b0a011a90f46301626d709923474703cacab0ff8b67cd846b6cb55b23a39b03fbdfb5218eec3373cf7010a166",
            "directory_permission": "0777",
            "file_permission": "0777",
            "filename": "simi.txt",
            "id": "12c6fc06c99a462375eeb3f43dfd832b08ca9e17",
            "sensitive_content": null,
            "source": null
          },
          "sensitive_attributes": []
        }
      ]
    },
    {
      "mode": "managed",
      "type": "local_file",
      "name": "Object_File",
      "provider": "provider[\"registry.terraform.io/hashicorp/local\"]",
      "instances": [
        {
          "schema_version": 0,
          "attributes": {
            "content": "{\"name\":\"The all he'll ever be\",\"price\":800}",
            "content_base64": null,
            "content_base64sha256": "/lNgAYEaibzoveFixwAljfcZ4AdqCdC0uf8BDQ6Lq3o=",
            "content_base64sha512": "/ffAQcB13X/nxvulGS2DzKIX/x02X4eHXXR8dcwvO5TlgUXr8m60PeQNkVXoVtAFeQJ28/9xwq18xNyS8Tu5BA==",
            "content_md5": "3fa16d673f396861a50ef18bf8fcd3eb",
            "content_sha1": "52110df95ad16bfa01d7d411498b1d00734c4c36",
            "content_sha256": "fe536001811a89bce8bde162c700258df719e0076a09d0b4b9ff010d0e8bab7a",
            "content_sha512": "fdf7c041c075dd7fe7c6fba5192d83cca217ff1d365f87875d747c75cc2f3b94e58145ebf26eb43de40d9155e856d005790276f3ff71c2ad7cc4dc92f13bb904",
            "directory_permission": "0777",
            "file_permission": "0777",
            "filename": "./Terraform_file_2/objectfile.bar",
            "id": "52110df95ad16bfa01d7d411498b1d00734c4c36",
            "sensitive_content": null,
            "source": null
          },
          "sensitive_attributes": []
        }
      ]
    },
    {
      "mode": "managed",
      "type": "local_file",
      "name": "Practice",
      "provider": "provider[\"registry.terraform.io/hashicorp/local\"]",
      "instances": [
        {
          "schema_version": 0,
          "attributes": {
            "content": "Jiaxu",
            "content_base64": null,
            "content_base64sha256": "RTD4xjDZpP51b0VeSwWl7bmxHNpEL3n08UXaUFR5l9w=",
            "content_base64sha512": "PnuqWyf1V5ElrPYbx2YljaoO7oeNaHahmQhWzzuDsTUtSvsg6OR7zvKNNw/bO3+K5UlDc98/AFgyoaH1ewT3NQ==",
            "content_md5": "e55fad288fef612a6299c45337fac6d2",
            "content_sha1": "65b6dcf2ab68f237aa212b43bde2082f2ff7dbe7",
            "content_sha256": "4530f8c630d9a4fe756f455e4b05a5edb9b11cda442f79f4f145da50547997dc",
            "content_sha512": "3e7baa5b27f5579125acf61bc766258daa0eee878d6876a1990856cf3b83b1352d4afb20e8e47bcef28d370fdb3b7f8ae5494373df3f005832a1a1f57b04f735",
            "directory_permission": "0777",
            "file_permission": "0777",
            "filename": "./Terraform_file_2/terraform_file_3/test.bar",
            "id": "65b6dcf2ab68f237aa212b43bde2082f2ff7dbe7",
            "sensitive_content": null,
            "source": null
          },
          "sensitive_attributes": []
        }
      ]
    },
    {
      "mode": "managed",
      "type": "local_file",
      "name": "sameeksha",
      "provider": "provider[\"registry.terraform.io/hashicorp/local\"]",
      "instances": [
        {
          "schema_version": 0,
          "attributes": {
            "content": "Sameeksha",
            "content_base64": null,
            "content_base64sha256": "XSU4NxdoLWJdU0UzLZ6EX+4o+C1Vw/SD9AYhWBBieBo=",
            "content_base64sha512": "kM7yxP5VgUsGr8wxcf8pGUiOs0ZfvG8st5bSSMinDIK98YbWDDGYj0sU9Oyz9yE8Zdjm2HmZlWOm8OUhLVnmvw==",
            "content_md5": "8d00d95bc78f8f8a7dc29612568252cd",
            "content_sha1": "1fecc141054c0163e0fc9cd92718c82090af5d2f",
            "content_sha256": "5d25383717682d625d5345332d9e845fee28f82d55c3f483f40621581062781a",
            "content_sha512": "90cef2c4fe55814b06afcc3171ff2919488eb3465fbc6f2cb796d248c8a70c82bdf186d60c31988f4b14f4ecb3f7213c65d8e6d879999563a6f0e5212d59e6bf",
            "directory_permission": "0777",
            "file_permission": "0777",
            "filename": "sameksha.bar",
            "id": "1fecc141054c0163e0fc9cd92718c82090af5d2f",
            "sensitive_content": null,
            "source": null
          },
          "sensitive_attributes": []
        }
      ]
    },
    {
      "mode": "managed",
      "type": "local_file",
      "name": "sameeksha_File_2",
      "provider": "provider[\"registry.terraform.io/hashicorp/local\"]",
      "instances": [
        {
          "schema_version": 0,
          "attributes": {
            "content": "Master's in computer science and applications",
            "content_base64": null,
            "content_base64sha256": "TRGQmMHKmjkdYkYFHUJL+cqjt6xZrT8IzzRPa+wXIXM=",
            "content_base64sha512": "RQTvIeQFxYZhaiaPpHzLGJQTEkHwvt/U5u98oZny6d7i24Fa3ZMZnefB8fvkiqDta6II8xyQ1kdtSKnu1GNWLw==",
            "content_md5": "ea2962f10a4bac49577b500a2a0837b2",
            "content_sha1": "3e86d52b43ef2e2775639e877a4b134f2d8b44c8",
            "content_sha256": "4d119098c1ca9a391d6246051d424bf9caa3b7ac59ad3f08cf344f6bec172173",
            "content_sha512": "4504ef21e405c586616a268fa47ccb1894131241f0bedfd4e6ef7ca199f2e9dee2db815add93199de7c1f1fbe48aa0ed6ba208f31c90d6476d48a9eed463562f",
            "directory_permission": "0777",
            "file_permission": "0777",
            "filename": "./Terraform_file_2/sameksha.bar",
            "id": "3e86d52b43ef2e2775639e877a4b134f2d8b44c8",
            "sensitive_content": null,
            "source": null
          },
          "sensitive_attributes": []
        }
      ]
    },
    {
      "mode": "managed",
      "type": "local_file",
      "name": "sameeksha_File_3",
      "provider": "provider[\"registry.terraform.io/hashicorp/local\"]",
      "instances": [
        {
          "schema_version": 0,
          "attributes": {
            "content": "Shristi\nShreya\nJiaxu",
            "content_base64": null,
            "content_base64sha256": "mtsa90JuyJvOk0bePWigEMBvoB9o86AA/4B3AecEm4M=",
            "content_base64sha512": "iHEbrvpcUrlGAyW+63omMfow6GsgsRjDIgLy+/8eac+mFAXoKQ1EnmLxkbR0oUvxifgxa3iaAyuXfCQoDA8Rtg==",
            "content_md5": "f42d8d25270c8b998c89d7c14789ab02",
            "content_sha1": "4c5244c9cffe2cf08bf8e6c9502c39256372e413",
            "content_sha256": "9adb1af7426ec89bce9346de3d68a010c06fa01f68f3a000ff807701e7049b83",
            "content_sha512": "88711baefa5c52b9460325beeb7a2631fa30e86b20b118c32202f2fbff1e69cfa61405e8290d449e62f191b474a14bf189f8316b789a032b977c24280c0f11b6",
            "directory_permission": "0777",
            "file_permission": "0777",
            "filename": "./Terraform_file_2/terraform_file_3/sameksha.bar",
            "id": "4c5244c9cffe2cf08bf8e6c9502c39256372e413",
            "sensitive_content": null,
            "source": null
          },
          "sensitive_attributes": []
        }
      ]
    },
    {
      "mode": "managed",
      "type": "random_bytes",
      "name": "Secret_code",
      "provider": "provider[\"registry.terraform.io/hashicorp/random\"]",
      "instances": [
        {
          "schema_version": 0,
          "attributes": {
            "base64": "nndUaB9Vf6QfP8770wLTwJlN4DgBSP88w0QnryTIZ8D7eAwtkr9KWpd7EMKkpnj9lUkJJWJBkCQoxFGuPQSddg==",
            "hex": "9e7754681f557fa41f3fcefbd302d3c0994de0380148ff3cc34427af24c867c0fb780c2d92bf4a5a977b10c2a4a678fd954909256241902428c451ae3d049d76",
            "keepers": null,
            "length": 64
          },
          "sensitive_attributes": []
        }
      ]
    },
    {
      "mode": "managed",
      "type": "random_id",
      "name": "student_id",
      "provider": "provider[\"registry.terraform.io/hashicorp/random\"]",
      "instances": [
        {
          "schema_version": 0,
          "attributes": {
            "b64_std": "FlvuG79Cya8=",
            "b64_url": "FlvuG79Cya8",
            "byte_length": 8,
            "dec": "1611143094655437231",
            "hex": "165bee1bbf42c9af",
            "id": "FlvuG79Cya8",
            "keepers": null,
            "prefix": null
          },
          "sensitive_attributes": []
        }
      ]
    },
    {
      "mode": "managed",
      "type": "random_password",
      "name": "account_password",
      "provider": "provider[\"registry.terraform.io/hashicorp/random\"]",
      "instances": [
        {
          "schema_version": 3,
          "attributes": {
            "bcrypt_hash": "$2a$10$Lj0lnlaRIaeejU4jp6XiR.Qu0EQNkLQdArloTFbAW8X2I3QQjwGPa",
            "id": "none",
            "keepers": null,
            "length": 8,
            "lower": true,
            "min_lower": 0,
            "min_numeric": 0,
            "min_special": 0,
            "min_upper": 0,
            "number": true,
            "numeric": true,
            "override_special": "!#$%\u0026*()-_=+[]{}\u003c\u003e:?",
            "result": "mjL8-!4-",
            "special": true,
            "upper": true
          },
          "sensitive_attributes": []
        }
      ]
    },
    {
      "mode": "managed",
      "type": "random_shuffle",
      "name": "region_shuffle",
      "provider": "provider[\"registry.terraform.io/hashicorp/random\"]",
      "instances": [
        {
          "schema_version": 0,
          "attributes": {
            "id": "-",
            "input": [
              "us-west-1a",
              "us-west-1c",
              "us-west-1e"
            ],
            "keepers": null,
            "result": [
              "us-west-1a",
              "us-west-1e",
              "us-west-1c"
            ],
            "result_count": 3,
            "seed": null
          },
          "sensitive_attributes": []
        }
      ]
    },
    {
      "mode": "managed",
      "type": "random_string",
      "name": "Any_string",
      "provider": "provider[\"registry.terraform.io/hashicorp/random\"]",
      "instances": [
        {
          "schema_version": 2,
          "attributes": {
            "id": "edm@82Yi",
            "keepers": null,
            "length": 8,
            "lower": true,
            "min_lower": 0,
            "min_numeric": 0,
            "min_special": 0,
            "min_upper": 0,
            "number": true,
            "numeric": true,
            "override_special": "@:",
            "result": "edm@82Yi",
            "special": true,
            "upper": true
          },
          "sensitive_attributes": []
        }
      ]
    },
    {
      "mode": "managed",
      "type": "random_uuid",
      "name": "uuid_Practice",
      "provider": "provider[\"registry.terraform.io/hashicorp/random\"]",
      "instances": [
        {
          "schema_version": 0,
          "attributes": {
            "id": "6c133e88-e287-4f5c-8a7a-3056cba9df78",
            "keepers": null,
            "result": "6c133e88-e287-4f5c-8a7a-3056cba9df78"
          },
          "sensitive_attributes": []
        }
      ]
    }
  ],
  "check_results": null
}
